
Microsoft Visual Studio Solution File, Format Version 12.00
# Visual Studio Version 17
VisualStudioVersion = 17.6.33620.401
MinimumVisualStudioVersion = 10.0.40219.1
Project("{9A19103F-16F7-4668-BE54-9A1E7A4F7556}") = "Bar", "Bar\Bar.csproj", "{6DDEA27C-4FB5-4F4C-987C-C13476678425}"
EndProject
Project("{9A19103F-16F7-4668-BE54-9A1E7A4F7556}") = "Foo", "Foo\Foo.csproj", "{3B6CE44A-CB61-49D9-9387-66CC1467FD1B}"
EndProject
Project("{9A19103F-16F7-4668-BE54-9A1E7A4F7556}") = "Baz", "Baz\Baz.csproj", "{52AE3DD5-836B-4610-8C50-743F3E831E93}"
EndProject
Project("{9A19103F-16F7-4668-BE54-9A1E7A4F7556}") = "BazNoTrans", "BazNoTrans\BazNoTrans.csproj", "{BFA32DED-9313-472C-8DA3-504CE0265FEF}"
EndProject
Global
	GlobalSection(SolutionConfigurationPlatforms) = preSolution
		Debug|Any CPU = Debug|Any CPU
		Release|Any CPU = Release|Any CPU
	EndGlobalSection
	GlobalSection(ProjectConfigurationPlatforms) = postSolution
		{6DDEA27C-4FB5-4F4C-987C-C13476678425}.Debug|Any CPU.ActiveCfg = Debug|Any CPU
		{6DDEA27C-4FB5-4F4C-987C-C13476678425}.Debug|Any CPU.Build.0 = Debug|Any CPU
		{6DDEA27C-4FB5-4F4C-987C-C13476678425}.Release|Any CPU.ActiveCfg = Release|Any CPU
		{6DDEA27C-4FB5-4F4C-987C-C13476678425}.Release|Any CPU.Build.0 = Release|Any CPU
		{3B6CE44A-CB61-49D9-9387-66CC1467FD1B}.Debug|Any CPU.ActiveCfg = Debug|Any CPU
		{3B6CE44A-CB61-49D9-9387-66CC1467FD1B}.Debug|Any CPU.Build.0 = Debug|Any CPU
		{3B6CE44A-CB61-49D9-9387-66CC1467FD1B}.Release|Any CPU.ActiveCfg = Release|Any CPU
		{3B6CE44A-CB61-49D9-9387-66CC1467FD1B}.Release|Any CPU.Build.0 = Release|Any CPU
		{52AE3DD5-836B-4610-8C50-743F3E831E93}.Debug|Any CPU.ActiveCfg = Debug|Any CPU
		{52AE3DD5-836B-4610-8C50-743F3E831E93}.Debug|Any CPU.Build.0 = Debug|Any CPU
		{52AE3DD5-836B-4610-8C50-743F3E831E93}.Release|Any CPU.ActiveCfg = Release|Any CPU
		{52AE3DD5-836B-4610-8C50-743F3E831E93}.Release|Any CPU.Build.0 = Release|Any CPU
		{BFA32DED-9313-472C-8DA3-504CE0265FEF}.Debug|Any CPU.ActiveCfg = Debug|Any CPU
		{BFA32DED-9313-472C-8DA3-504CE0265FEF}.Debug|Any CPU.Build.0 = Debug|Any CPU
		{BFA32DED-9313-472C-8DA3-504CE0265FEF}.Release|Any CPU.ActiveCfg = Release|Any CPU
		{BFA32DED-9313-472C-8DA3-504CE0265FEF}.Release|Any CPU.Build.0 = Release|Any CPU
	EndGlobalSection
	GlobalSection(SolutionProperties) = preSolution
		HideSolutionNode = FALSE
	EndGlobalSection
	GlobalSection(ExtensibilityGlobals) = postSolution
		SolutionGuid = {5EB40FEB-D929-4228-9DB6-389C532BED8E}
	EndGlobalSection
EndGlobal
